
Microsoft Visual Studio Solution File, Format Version 12.00
# Visual Studio Version 17
VisualStudioVersion = 17.4.33205.214
MinimumVisualStudioVersion = 10.0.40219.1
Project("{FAE04EC0-301F-11D3-BF4B-00C04F79EFBC}") = "SHA.LibResult", "SHA.LibResult\SHA.LibResult.csproj", "{29C731BA-F445-4DAB-AFB6-A51413505E29}"
EndProject
Project("{2150E333-8FDC-42A3-9474-1A3956D46DE8}") = "src", "src", "{5FC4C718-8025-4D97-8BA6-59B0543C10B2}"
EndProject
Project("{2150E333-8FDC-42A3-9474-1A3956D46DE8}") = "tests", "tests", "{E27E5294-0D6B-4B96-8A4B-7CD91106E5BC}"
EndProject
Project("{FAE04EC0-301F-11D3-BF4B-00C04F79EFBC}") = "SHA.LibResult.Test", "SHA.LibResult.Test\SHA.LibResult.Test.csproj", "{83356AEC-581C-4EC7-B668-9CB8272C362F}"
EndProject
Global
	GlobalSection(SolutionConfigurationPlatforms) = preSolution
		Debug|Any CPU = Debug|Any CPU
		Release|Any CPU = Release|Any CPU
	EndGlobalSection
	GlobalSection(ProjectConfigurationPlatforms) = postSolution
		{29C731BA-F445-4DAB-AFB6-A51413505E29}.Debug|Any CPU.ActiveCfg = Debug|Any CPU
		{29C731BA-F445-4DAB-AFB6-A51413505E29}.Debug|Any CPU.Build.0 = Debug|Any CPU
		{29C731BA-F445-4DAB-AFB6-A51413505E29}.Release|Any CPU.ActiveCfg = Release|Any CPU
		{29C731BA-F445-4DAB-AFB6-A51413505E29}.Release|Any CPU.Build.0 = Release|Any CPU
		{83356AEC-581C-4EC7-B668-9CB8272C362F}.Debug|Any CPU.ActiveCfg = Debug|Any CPU
		{83356AEC-581C-4EC7-B668-9CB8272C362F}.Debug|Any CPU.Build.0 = Debug|Any CPU
		{83356AEC-581C-4EC7-B668-9CB8272C362F}.Release|Any CPU.ActiveCfg = Release|Any CPU
		{83356AEC-581C-4EC7-B668-9CB8272C362F}.Release|Any CPU.Build.0 = Release|Any CPU
	EndGlobalSection
	GlobalSection(SolutionProperties) = preSolution
		HideSolutionNode = FALSE
	EndGlobalSection
	GlobalSection(NestedProjects) = preSolution
		{29C731BA-F445-4DAB-AFB6-A51413505E29} = {5FC4C718-8025-4D97-8BA6-59B0543C10B2}
		{83356AEC-581C-4EC7-B668-9CB8272C362F} = {E27E5294-0D6B-4B96-8A4B-7CD91106E5BC}
	EndGlobalSection
	GlobalSection(ExtensibilityGlobals) = postSolution
		SolutionGuid = {9F5531B1-B056-4087-A761-F931CA74F44A}
	EndGlobalSection
EndGlobal
